# This file was autogenerated by Stack.
# You should not edit this file by hand.
# For more information, please see the documentation at:
#   https://docs.haskellstack.org/en/stable/lock_files

packages:
- completed:
    hackage: parse-dimacs-1.3@sha256:6b6a975360e0be21e694ec4a610a4b1645853acae29ee927902a427d340047f0,1427
    pantry-tree:
      sha256: 70a27e46aa592f1cf02aed91ab15d3b6a5195519cce314a568e55978fe8b1d82
      size: 276
  original:
    hackage: parse-dimacs-1.3@sha256:6b6a975360e0be21e694ec4a610a4b1645853acae29ee927902a427d340047f0,1427
snapshots:
- completed:
    sha256: 95817c7fe8ae8ca6e8f4ecfd3e876b3edc4e5fbba9f8d8f757e87b484f9bfe6b
    size: 726101
    url: https://raw.githubusercontent.com/commercialhaskell/stackage-snapshots/master/lts/24/13.yaml
  original:
    url: https://raw.githubusercontent.com/commercialhaskell/stackage-snapshots/master/lts/24/13.yaml
